{
    "_meta": {
        "hash": {
            "sha256": "745fd117ac0f22b7cab0d5e1461fb3ac7a48d8b15e9bae1d51add901948a5a5e"
        },
        "pipfile-spec": 6,
        "requires": {
            "python_version": "3.9"
        },
        "sources": [
            {
                "name": "pypi",
                "url": "https://pypi.org/simple",
                "verify_ssl": true
            }
        ]
    },
    "default": {
        "pypack": {
            "git": "https://github.com/bolzon/pypack.git",
            "ref": "eb8470e4de9a7222fb75a4fbf194cea588d4326b"
        }
    },
    "develop": {}
}
