{
    "_meta": {
        "hash": {
            "sha256": "6d883f7a8eb82f175a85fbf67620aeb636b88eac882dae38334d9a908b5e1fe0"
        },
        "pipfile-spec": 6,
        "requires": {
            "python_version": "3.9"
        },
        "sources": [
            {
                "name": "pypi",
                "url": "https://pypi.org/simple",
                "verify_ssl": true
            }
        ]
    },
    "default": {
        "pypack": {
            "git": "https://github.com/bolzon/pypack.git",
            "ref": "329d86037ca2411ce7a060e32385d5e3d2b10df6"
        }
    },
    "develop": {}
}
